
Microsoft Visual Studio Solution File, Format Version 12.00
# Visual Studio Version 16
VisualStudioVersion = 16.0.31702.278
MinimumVisualStudioVersion = 10.0.40219.1
Project("{9A19103F-16F7-4668-BE54-9A1E7A4F7556}") = "VaslavNijinskyOrgApp", "VaslavNijinskyOrgApp\VaslavNijinskyOrgApp.csproj", "{819D77C2-B89A-4459-AA80-F4EF6E7AD09D}"
EndProject
Global
	GlobalSection(SolutionConfigurationPlatforms) = preSolution
		Debug|Any CPU = Debug|Any CPU
		Release|Any CPU = Release|Any CPU
	EndGlobalSection
	GlobalSection(ProjectConfigurationPlatforms) = postSolution
		{819D77C2-B89A-4459-AA80-F4EF6E7AD09D}.Debug|Any CPU.ActiveCfg = Debug|Any CPU
		{819D77C2-B89A-4459-AA80-F4EF6E7AD09D}.Debug|Any CPU.Build.0 = Debug|Any CPU
		{819D77C2-B89A-4459-AA80-F4EF6E7AD09D}.Release|Any CPU.ActiveCfg = Release|Any CPU
		{819D77C2-B89A-4459-AA80-F4EF6E7AD09D}.Release|Any CPU.Build.0 = Release|Any CPU
	EndGlobalSection
	GlobalSection(SolutionProperties) = preSolution
		HideSolutionNode = FALSE
	EndGlobalSection
	GlobalSection(ExtensibilityGlobals) = postSolution
		SolutionGuid = {501DD828-62A0-4DF3-ABB1-77504FE9489A}
	EndGlobalSection
EndGlobal
